{
  "name": "topbudget",
  "version": "1.0.0",
  "lockfileVersion": 3,
  "requires": true,
  "packages": {
    "": {
      "name": "topbudget",
      "version": "1.0.0",
      "hasInstallScript": true,
      "license": "MIT",
      "engines": {
        "docker": ">=20.0.0",
        "docker-compose": ">=2.0.0",
        "node": ">=18.0.0"
      }
    }
  }
}
